
Microsoft Visual Studio Solution File, Format Version 12.00
# Visual Studio Version 17
VisualStudioVersion = 17.11.35312.102
MinimumVisualStudioVersion = 10.0.40219.1
Project("{FAE04EC0-301F-11D3-BF4B-00C04F79EFBC}") = "SQLNewCar", "SQLNewCar\SQLNewCar.csproj", "{0E635373-F265-45A1-AE0F-5EFDD461CC40}"
EndProject
Global
	GlobalSection(SolutionConfigurationPlatforms) = preSolution
		Debug|Any CPU = Debug|Any CPU
		Release|Any CPU = Release|Any CPU
	EndGlobalSection
	GlobalSection(ProjectConfigurationPlatforms) = postSolution
		{0E635373-F265-45A1-AE0F-5EFDD461CC40}.Debug|Any CPU.ActiveCfg = Debug|Any CPU
		{0E635373-F265-45A1-AE0F-5EFDD461CC40}.Debug|Any CPU.Build.0 = Debug|Any CPU
		{0E635373-F265-45A1-AE0F-5EFDD461CC40}.Debug|Any CPU.Deploy.0 = Debug|Any CPU
		{0E635373-F265-45A1-AE0F-5EFDD461CC40}.Release|Any CPU.ActiveCfg = Release|Any CPU
		{0E635373-F265-45A1-AE0F-5EFDD461CC40}.Release|Any CPU.Build.0 = Release|Any CPU
		{0E635373-F265-45A1-AE0F-5EFDD461CC40}.Release|Any CPU.Deploy.0 = Release|Any CPU
	EndGlobalSection
	GlobalSection(SolutionProperties) = preSolution
		HideSolutionNode = FALSE
	EndGlobalSection
	GlobalSection(ExtensibilityGlobals) = postSolution
		SolutionGuid = {8ED69C33-807D-4681-B004-427C03A23CB3}
	EndGlobalSection
EndGlobal
